// !$*UTF8*$!
{
	archiveVersion = 1;
	classes = {
	};
	objectVersion = 48;
	objects = {

/* Begin PBXBuildFile section */
		175B02D6AF4B477C05308801 /* libPods-GpxExport.a in Frameworks */ = {isa = PBXBuildFile; fileRef = ACBEF42898170037D4968023 /* libPods-GpxExport.a */; };
		744388B62221965C00F02AE7 /* Workout+GpxWriter.swift in Sources */ = {isa = PBXBuildFile; fileRef = 744388B52221965C00F02AE7 /* Workout+GpxWriter.swift */; };
		744388B82221E10300F02AE7 /* Workout+FitWriter.swift in Sources */ = {isa = PBXBuildFile; fileRef = 744388B72221E10300F02AE7 /* Workout+FitWriter.swift */; };
		7448F1671FD08DAD0095B6B1 /* HealthKitSetupAssistant.swift in Sources */ = {isa = PBXBuildFile; fileRef = 7448F1651FD08DAC0095B6B1 /* HealthKitSetupAssistant.swift */; };
		7448F16A1FD08DCB0095B6B1 /* WorkoutDataStore.swift in Sources */ = {isa = PBXBuildFile; fileRef = 7448F1681FD08DCB0095B6B1 /* WorkoutDataStore.swift */; };
		7448F16B1FD08DCB0095B6B1 /* Workout.swift in Sources */ = {isa = PBXBuildFile; fileRef = 7448F1691FD08DCB0095B6B1 /* Workout.swift */; };
		7448F16D1FD08E130095B6B1 /* WorkoutsTableViewController.swift in Sources */ = {isa = PBXBuildFile; fileRef = 7448F16C1FD08E130095B6B1 /* WorkoutsTableViewController.swift */; };
		74543D0A222BDE0700562086 /* HKWorkout+FitActivity.swift in Sources */ = {isa = PBXBuildFile; fileRef = 74543D09222BDE0700562086 /* HKWorkout+FitActivity.swift */; };
		74AC63E91FB844780028E37F /* HealthKit.framework in Frameworks */ = {isa = PBXBuildFile; fileRef = 74AC63E81FB844780028E37F /* HealthKit.framework */; };
		76FC8A681F59A0130062E8EF /* AppDelegate.swift in Sources */ = {isa = PBXBuildFile; fileRef = 76FC8A671F59A0130062E8EF /* AppDelegate.swift */; };
		76FC8A6D1F59A0130062E8EF /* Main.storyboard in Resources */ = {isa = PBXBuildFile; fileRef = 76FC8A6B1F59A0130062E8EF /* Main.storyboard */; };
		76FC8A6F1F59A0130062E8EF /* Assets.xcassets in Resources */ = {isa = PBXBuildFile; fileRef = 76FC8A6E1F59A0130062E8EF /* Assets.xcassets */; };
		CD44186C2202CFA0007CE518 /* LaunchScreen.storyboard in Resources */ = {isa = PBXBuildFile; fileRef = CD44186B2202CF9F007CE518 /* LaunchScreen.storyboard */; };
		CD4418702202D180007CE518 /* Localizable.strings in Resources */ = {isa = PBXBuildFile; fileRef = CD4418722202D180007CE518 /* Localizable.strings */; };
		CD5D20A321FB824D0008DDA5 /* WorkoutTableViewCell.xib in Resources */ = {isa = PBXBuildFile; fileRef = CD5D20A221FB824D0008DDA5 /* WorkoutTableViewCell.xib */; };
		CD5D20A521FB829A0008DDA5 /* WorkoutTableViewCell.swift in Sources */ = {isa = PBXBuildFile; fileRef = CD5D20A421FB829A0008DDA5 /* WorkoutTableViewCell.swift */; };
		CDF81F5121F66E4100A69B22 /* WorkoutDetailTableViewController.swift in Sources */ = {isa = PBXBuildFile; fileRef = CDF81F5021F66E4100A69B22 /* WorkoutDetailTableViewController.swift */; };
		CDF81F5421F736D900A69B22 /* HKWorkout+Formatting.swift in Sources */ = {isa = PBXBuildFile; fileRef = CDF81F5321F736D900A69B22 /* HKWorkout+Formatting.swift */; };
		CDF81F5621F7387600A69B22 /* TimeInterval+Formatting.swift in Sources */ = {isa = PBXBuildFile; fileRef = CDF81F5521F7387600A69B22 /* TimeInterval+Formatting.swift */; };
/* End PBXBuildFile section */

/* Begin PBXFileReference section */
		3BAE4A9F42EA3573B587BA47 /* Pods-GpxExport.release.xcconfig */ = {isa = PBXFileReference; includeInIndex = 1; lastKnownFileType = text.xcconfig; name = "Pods-GpxExport.release.xcconfig"; path = "Pods/Target Support Files/Pods-GpxExport/Pods-GpxExport.release.xcconfig"; sourceTree = "<group>"; };
		744388B52221965C00F02AE7 /* Workout+GpxWriter.swift */ = {isa = PBXFileReference; lastKnownFileType = sourcecode.swift; path = "Workout+GpxWriter.swift"; sourceTree = "<group>"; };
		744388B72221E10300F02AE7 /* Workout+FitWriter.swift */ = {isa = PBXFileReference; lastKnownFileType = sourcecode.swift; path = "Workout+FitWriter.swift"; sourceTree = "<group>"; };
		7448F1651FD08DAC0095B6B1 /* HealthKitSetupAssistant.swift */ = {isa = PBXFileReference; fileEncoding = 4; lastKnownFileType = sourcecode.swift; name = HealthKitSetupAssistant.swift; path = GpxExport/Utilities/HealthKitSetupAssistant.swift; sourceTree = SOURCE_ROOT; };
		7448F1681FD08DCB0095B6B1 /* WorkoutDataStore.swift */ = {isa = PBXFileReference; fileEncoding = 4; lastKnownFileType = sourcecode.swift; name = WorkoutDataStore.swift; path = GpxExport/Models/WorkoutDataStore.swift; sourceTree = SOURCE_ROOT; };
		7448F1691FD08DCB0095B6B1 /* Workout.swift */ = {isa = PBXFileReference; fileEncoding = 4; lastKnownFileType = sourcecode.swift; name = Workout.swift; path = GpxExport/Models/Workout.swift; sourceTree = SOURCE_ROOT; };
		7448F16C1FD08E130095B6B1 /* WorkoutsTableViewController.swift */ = {isa = PBXFileReference; fileEncoding = 4; lastKnownFileType = sourcecode.swift; path = WorkoutsTableViewController.swift; sourceTree = "<group>"; };
		74543D09222BDE0700562086 /* HKWorkout+FitActivity.swift */ = {isa = PBXFileReference; lastKnownFileType = sourcecode.swift; path = "HKWorkout+FitActivity.swift"; sourceTree = "<group>"; };
		74AC63E81FB844780028E37F /* HealthKit.framework */ = {isa = PBXFileReference; lastKnownFileType = wrapper.framework; name = HealthKit.framework; path = System/Library/Frameworks/HealthKit.framework; sourceTree = SDKROOT; };
		76489E4F1F59A20200E4094E /* GpxExport.entitlements */ = {isa = PBXFileReference; lastKnownFileType = text.plist.entitlements; path = GpxExport.entitlements; sourceTree = "<group>"; };
		76FC8A641F59A0130062E8EF /* GpxExport.app */ = {isa = PBXFileReference; explicitFileType = wrapper.application; includeInIndex = 0; path = GpxExport.app; sourceTree = BUILT_PRODUCTS_DIR; };
		76FC8A671F59A0130062E8EF /* AppDelegate.swift */ = {isa = PBXFileReference; lastKnownFileType = sourcecode.swift; path = AppDelegate.swift; sourceTree = "<group>"; };
		76FC8A6C1F59A0130062E8EF /* Base */ = {isa = PBXFileReference; lastKnownFileType = file.storyboard; name = Base; path = Base.lproj/Main.storyboard; sourceTree = "<group>"; };
		76FC8A6E1F59A0130062E8EF /* Assets.xcassets */ = {isa = PBXFileReference; lastKnownFileType = folder.assetcatalog; path = Assets.xcassets; sourceTree = "<group>"; };
		76FC8A731F59A0130062E8EF /* Info.plist */ = {isa = PBXFileReference; lastKnownFileType = text.plist.xml; path = Info.plist; sourceTree = "<group>"; };
		76FC8A7C1F59A0B10062E8EF /* WatchKit.framework */ = {isa = PBXFileReference; lastKnownFileType = wrapper.framework; name = WatchKit.framework; path = System/Library/Frameworks/WatchKit.framework; sourceTree = SDKROOT; };
		88717335D3DD24BDC0E9C135 /* Pods-GpxExport.debug.xcconfig */ = {isa = PBXFileReference; includeInIndex = 1; lastKnownFileType = text.xcconfig; name = "Pods-GpxExport.debug.xcconfig"; path = "Pods/Target Support Files/Pods-GpxExport/Pods-GpxExport.debug.xcconfig"; sourceTree = "<group>"; };
		ACBEF42898170037D4968023 /* libPods-GpxExport.a */ = {isa = PBXFileReference; explicitFileType = archive.ar; includeInIndex = 0; path = "libPods-GpxExport.a"; sourceTree = BUILT_PRODUCTS_DIR; };
		CD44186B2202CF9F007CE518 /* LaunchScreen.storyboard */ = {isa = PBXFileReference; fileEncoding = 4; lastKnownFileType = file.storyboard; path = LaunchScreen.storyboard; sourceTree = "<group>"; };
		CD44186D2202CFCC007CE518 /* de */ = {isa = PBXFileReference; lastKnownFileType = text.plist.strings; name = de; path = de.lproj/Main.strings; sourceTree = "<group>"; };
		CD4418712202D180007CE518 /* en */ = {isa = PBXFileReference; lastKnownFileType = text.plist.strings; name = en; path = en.lproj/Localizable.strings; sourceTree = "<group>"; };
		CD4418732202D182007CE518 /* de */ = {isa = PBXFileReference; lastKnownFileType = text.plist.strings; name = de; path = de.lproj/Localizable.strings; sourceTree = "<group>"; };
		CD5D20A221FB824D0008DDA5 /* WorkoutTableViewCell.xib */ = {isa = PBXFileReference; lastKnownFileType = file.xib; path = WorkoutTableViewCell.xib; sourceTree = "<group>"; };
		CD5D20A421FB829A0008DDA5 /* WorkoutTableViewCell.swift */ = {isa = PBXFileReference; lastKnownFileType = sourcecode.swift; path = WorkoutTableViewCell.swift; sourceTree = "<group>"; };
		CDD5CF5D220365D700DAE980 /* en */ = {isa = PBXFileReference; lastKnownFileType = text.plist.strings; name = en; path = en.lproj/Main.strings; sourceTree = "<group>"; };
		CDF81F5021F66E4100A69B22 /* WorkoutDetailTableViewController.swift */ = {isa = PBXFileReference; lastKnownFileType = sourcecode.swift; path = WorkoutDetailTableViewController.swift; sourceTree = "<group>"; };
		CDF81F5321F736D900A69B22 /* HKWorkout+Formatting.swift */ = {isa = PBXFileReference; lastKnownFileType = sourcecode.swift; path = "HKWorkout+Formatting.swift"; sourceTree = "<group>"; };
		CDF81F5521F7387600A69B22 /* TimeInterval+Formatting.swift */ = {isa = PBXFileReference; lastKnownFileType = sourcecode.swift; path = "TimeInterval+Formatting.swift"; sourceTree = "<group>"; };
/* End PBXFileReference section */

/* Begin PBXFrameworksBuildPhase section */
		76FC8A611F59A0130062E8EF /* Frameworks */ = {
			isa = PBXFrameworksBuildPhase;
			buildActionMask = 2147483647;
			files = (
				74AC63E91FB844780028E37F /* HealthKit.framework in Frameworks */,
				175B02D6AF4B477C05308801 /* libPods-GpxExport.a in Frameworks */,
			);
			runOnlyForDeploymentPostprocessing = 0;
		};
/* End PBXFrameworksBuildPhase section */

/* Begin PBXGroup section */
		4CA1966E529AAB915704772F /* Pods */ = {
			isa = PBXGroup;
			children = (
				88717335D3DD24BDC0E9C135 /* Pods-GpxExport.debug.xcconfig */,
				3BAE4A9F42EA3573B587BA47 /* Pods-GpxExport.release.xcconfig */,
			);
			name = Pods;
			sourceTree = "<group>";
		};
		7448F1621FD08B980095B6B1 /* Models */ = {
			isa = PBXGroup;
			children = (
				7448F1691FD08DCB0095B6B1 /* Workout.swift */,
				744388B52221965C00F02AE7 /* Workout+GpxWriter.swift */,
				744388B72221E10300F02AE7 /* Workout+FitWriter.swift */,
				7448F1681FD08DCB0095B6B1 /* WorkoutDataStore.swift */,
			);
			path = Models;
			sourceTree = "<group>";
		};
		7448F1631FD08BB80095B6B1 /* Utilities */ = {
			isa = PBXGroup;
			children = (
				7448F1651FD08DAC0095B6B1 /* HealthKitSetupAssistant.swift */,
			);
			path = Utilities;
			sourceTree = "<group>";
		};
		76489E3C1F59A14100E4094E /* ViewControllers */ = {
			isa = PBXGroup;
			children = (
				7448F16C1FD08E130095B6B1 /* WorkoutsTableViewController.swift */,
				CDF81F5021F66E4100A69B22 /* WorkoutDetailTableViewController.swift */,
			);
			path = ViewControllers;
			sourceTree = "<group>";
		};
		76FC8A5B1F59A0130062E8EF = {
			isa = PBXGroup;
			children = (
				76FC8A661F59A0130062E8EF /* GpxExport */,
				76FC8A651F59A0130062E8EF /* Products */,
				76FC8A791F59A0AB0062E8EF /* Frameworks */,
				4CA1966E529AAB915704772F /* Pods */,
			);
			indentWidth = 4;
			sourceTree = "<group>";
			tabWidth = 4;
		};
		76FC8A651F59A0130062E8EF /* Products */ = {
			isa = PBXGroup;
			children = (
				76FC8A641F59A0130062E8EF /* GpxExport.app */,
			);
			name = Products;
			sourceTree = "<group>";
		};
		76FC8A661F59A0130062E8EF /* GpxExport */ = {
			isa = PBXGroup;
			children = (
				CDF81F5221F736C100A69B22 /* Extensions */,
				7448F1631FD08BB80095B6B1 /* Utilities */,
				7448F1621FD08B980095B6B1 /* Models */,
				CD5D20A621FB8A410008DDA5 /* Views */,
				76489E3C1F59A14100E4094E /* ViewControllers */,
				76FC8A671F59A0130062E8EF /* AppDelegate.swift */,
				CD4418722202D180007CE518 /* Localizable.strings */,
				76FC8A6B1F59A0130062E8EF /* Main.storyboard */,
				CD44186B2202CF9F007CE518 /* LaunchScreen.storyboard */,
				76FC8A6E1F59A0130062E8EF /* Assets.xcassets */,
				76489E4F1F59A20200E4094E /* GpxExport.entitlements */,
				76FC8A731F59A0130062E8EF /* Info.plist */,
			);
			path = GpxExport;
			sourceTree = "<group>";
		};
		76FC8A791F59A0AB0062E8EF /* Frameworks */ = {
			isa = PBXGroup;
			children = (
				74AC63E81FB844780028E37F /* HealthKit.framework */,
				76FC8A7C1F59A0B10062E8EF /* WatchKit.framework */,
				ACBEF42898170037D4968023 /* libPods-GpxExport.a */,
			);
			name = Frameworks;
			sourceTree = "<group>";
		};
		CD5D20A621FB8A410008DDA5 /* Views */ = {
			isa = PBXGroup;
			children = (
				CD5D20A221FB824D0008DDA5 /* WorkoutTableViewCell.xib */,
				CD5D20A421FB829A0008DDA5 /* WorkoutTableViewCell.swift */,
			);
			path = Views;
			sourceTree = "<group>";
		};
		CDF81F5221F736C100A69B22 /* Extensions */ = {
			isa = PBXGroup;
			children = (
				CDF81F5321F736D900A69B22 /* HKWorkout+Formatting.swift */,
				74543D09222BDE0700562086 /* HKWorkout+FitActivity.swift */,
				CDF81F5521F7387600A69B22 /* TimeInterval+Formatting.swift */,
			);
			path = Extensions;
			sourceTree = "<group>";
		};
/* End PBXGroup section */

/* Begin PBXNativeTarget section */
		76FC8A631F59A0130062E8EF /* GpxExport */ = {
			isa = PBXNativeTarget;
			buildConfigurationList = 76FC8A761F59A0130062E8EF /* Build configuration list for PBXNativeTarget "GpxExport" */;
			buildPhases = (
				59FC1326D2F5135C1977B8C8 /* [CP] Check Pods Manifest.lock */,
				76FC8A601F59A0130062E8EF /* Sources */,
				76FC8A611F59A0130062E8EF /* Frameworks */,
				76FC8A621F59A0130062E8EF /* Resources */,
				7437D54D21FDB3BB00594826 /* Swiftlint */,
			);
			buildRules = (
			);
			dependencies = (
			);
			name = GpxExport;
			productName = GpxExport;
			productReference = 76FC8A641F59A0130062E8EF /* GpxExport.app */;
			productType = "com.apple.product-type.application";
		};
/* End PBXNativeTarget section */

/* Begin PBXProject section */
		76FC8A5C1F59A0130062E8EF /* Project object */ = {
			isa = PBXProject;
			attributes = {
				LastSwiftUpdateCheck = 0900;
				LastUpgradeCheck = 1000;
				ORGANIZATIONNAME = "Mario Martelli";
				TargetAttributes = {
					76FC8A631F59A0130062E8EF = {
						CreatedOnToolsVersion = 9.0;
						LastSwiftMigration = 1100;
						ProvisioningStyle = Automatic;
						SystemCapabilities = {
							com.apple.HealthKit = {
								enabled = 1;
							};
						};
					};
				};
			};
			buildConfigurationList = 76FC8A5F1F59A0130062E8EF /* Build configuration list for PBXProject "GpxExport" */;
			compatibilityVersion = "Xcode 8.0";
			developmentRegion = en;
			hasScannedForEncodings = 0;
			knownRegions = (
				en,
				Base,
				de,
			);
			mainGroup = 76FC8A5B1F59A0130062E8EF;
			productRefGroup = 76FC8A651F59A0130062E8EF /* Products */;
			projectDirPath = "";
			projectRoot = "";
			targets = (
				76FC8A631F59A0130062E8EF /* GpxExport */,
			);
		};
/* End PBXProject section */

/* Begin PBXResourcesBuildPhase section */
		76FC8A621F59A0130062E8EF /* Resources */ = {
			isa = PBXResourcesBuildPhase;
			buildActionMask = 2147483647;
			files = (
				CD4418702202D180007CE518 /* Localizable.strings in Resources */,
				76FC8A6F1F59A0130062E8EF /* Assets.xcassets in Resources */,
				76FC8A6D1F59A0130062E8EF /* Main.storyboard in Resources */,
				CD44186C2202CFA0007CE518 /* LaunchScreen.storyboard in Resources */,
				CD5D20A321FB824D0008DDA5 /* WorkoutTableViewCell.xib in Resources */,
			);
			runOnlyForDeploymentPostprocessing = 0;
		};
/* End PBXResourcesBuildPhase section */

/* Begin PBXShellScriptBuildPhase section */
		59FC1326D2F5135C1977B8C8 /* [CP] Check Pods Manifest.lock */ = {
			isa = PBXShellScriptBuildPhase;
			buildActionMask = 2147483647;
			files = (
			);
			inputFileListPaths = (
			);
			inputPaths = (
				"${PODS_PODFILE_DIR_PATH}/Podfile.lock",
				"${PODS_ROOT}/Manifest.lock",
			);
			name = "[CP] Check Pods Manifest.lock";
			outputFileListPaths = (
			);
			outputPaths = (
				"$(DERIVED_FILE_DIR)/Pods-GpxExport-checkManifestLockResult.txt",
			);
			runOnlyForDeploymentPostprocessing = 0;
			shellPath = /bin/sh;
			shellScript = "diff \"${PODS_PODFILE_DIR_PATH}/Podfile.lock\" \"${PODS_ROOT}/Manifest.lock\" > /dev/null\nif [ $? != 0 ] ; then\n    # print error to STDERR\n    echo \"error: The sandbox is not in sync with the Podfile.lock. Run 'pod install' or update your CocoaPods installation.\" >&2\n    exit 1\nfi\n# This output is used by Xcode 'outputs' to avoid re-running this script phase.\necho \"SUCCESS\" > \"${SCRIPT_OUTPUT_FILE_0}\"\n";
			showEnvVarsInLog = 0;
		};
		7437D54D21FDB3BB00594826 /* Swiftlint */ = {
			isa = PBXShellScriptBuildPhase;
			buildActionMask = 2147483647;
			files = (
			);
			inputFileListPaths = (
			);
			inputPaths = (
			);
			name = Swiftlint;
			outputFileListPaths = (
			);
			outputPaths = (
			);
			runOnlyForDeploymentPostprocessing = 0;
			shellPath = /bin/sh;
			shellScript = "if [ -z \"$CI\" ]; then\n${PODS_ROOT}/SwiftLint/swiftlint\nfi\n";
		};
/* End PBXShellScriptBuildPhase section */

/* Begin PBXSourcesBuildPhase section */
		76FC8A601F59A0130062E8EF /* Sources */ = {
			isa = PBXSourcesBuildPhase;
			buildActionMask = 2147483647;
			files = (
				7448F1671FD08DAD0095B6B1 /* HealthKitSetupAssistant.swift in Sources */,
				7448F16A1FD08DCB0095B6B1 /* WorkoutDataStore.swift in Sources */,
				744388B62221965C00F02AE7 /* Workout+GpxWriter.swift in Sources */,
				CDF81F5621F7387600A69B22 /* TimeInterval+Formatting.swift in Sources */,
				CD5D20A521FB829A0008DDA5 /* WorkoutTableViewCell.swift in Sources */,
				CDF81F5421F736D900A69B22 /* HKWorkout+Formatting.swift in Sources */,
				744388B82221E10300F02AE7 /* Workout+FitWriter.swift in Sources */,
				7448F16B1FD08DCB0095B6B1 /* Workout.swift in Sources */,
				76FC8A681F59A0130062E8EF /* AppDelegate.swift in Sources */,
				7448F16D1FD08E130095B6B1 /* WorkoutsTableViewController.swift in Sources */,
				CDF81F5121F66E4100A69B22 /* WorkoutDetailTableViewController.swift in Sources */,
				74543D0A222BDE0700562086 /* HKWorkout+FitActivity.swift in Sources */,
			);
			runOnlyForDeploymentPostprocessing = 0;
		};
/* End PBXSourcesBuildPhase section */

/* Begin PBXVariantGroup section */
		76FC8A6B1F59A0130062E8EF /* Main.storyboard */ = {
			isa = PBXVariantGroup;
			children = (
				76FC8A6C1F59A0130062E8EF /* Base */,
				CD44186D2202CFCC007CE518 /* de */,
				CDD5CF5D220365D700DAE980 /* en */,
			);
			name = Main.storyboard;
			sourceTree = "<group>";
		};
		CD4418722202D180007CE518 /* Localizable.strings */ = {
			isa = PBXVariantGroup;
			children = (
				CD4418712202D180007CE518 /* en */,
				CD4418732202D182007CE518 /* de */,
			);
			name = Localizable.strings;
			sourceTree = "<group>";
		};
/* End PBXVariantGroup section */

/* Begin XCBuildConfiguration section */
		76FC8A741F59A0130062E8EF /* Debug */ = {
			isa = XCBuildConfiguration;
			buildSettings = {
				ALWAYS_SEARCH_USER_PATHS = NO;
				CLANG_ANALYZER_LOCALIZABILITY_NONLOCALIZED = YES;
				CLANG_ANALYZER_NONNULL = YES;
				CLANG_ANALYZER_NUMBER_OBJECT_CONVERSION = YES_AGGRESSIVE;
				CLANG_CXX_LANGUAGE_STANDARD = "gnu++14";
				CLANG_CXX_LIBRARY = "libc++";
				CLANG_ENABLE_MODULES = YES;
				CLANG_ENABLE_OBJC_ARC = YES;
				CLANG_WARN_BLOCK_CAPTURE_AUTORELEASING = YES;
				CLANG_WARN_BOOL_CONVERSION = YES;
				CLANG_WARN_COMMA = YES;
				CLANG_WARN_CONSTANT_CONVERSION = YES;
				CLANG_WARN_DEPRECATED_OBJC_IMPLEMENTATIONS = YES;
				CLANG_WARN_DIRECT_OBJC_ISA_USAGE = YES_ERROR;
				CLANG_WARN_DOCUMENTATION_COMMENTS = YES;
				CLANG_WARN_EMPTY_BODY = YES;
				CLANG_WARN_ENUM_CONVERSION = YES;
				CLANG_WARN_INFINITE_RECURSION = YES;
				CLANG_WARN_INT_CONVERSION = YES;
				CLANG_WARN_NON_LITERAL_NULL_CONVERSION = YES;
				CLANG_WARN_OBJC_IMPLICIT_RETAIN_SELF = YES;
				CLANG_WARN_OBJC_LITERAL_CONVERSION = YES;
				CLANG_WARN_OBJC_ROOT_CLASS = YES_ERROR;
				CLANG_WARN_RANGE_LOOP_ANALYSIS = YES;
				CLANG_WARN_STRICT_PROTOTYPES = YES;
				CLANG_WARN_SUSPICIOUS_MOVE = YES;
				CLANG_WARN_UNGUARDED_AVAILABILITY = YES_AGGRESSIVE;
				CLANG_WARN_UNREACHABLE_CODE = YES;
				CLANG_WARN__DUPLICATE_METHOD_MATCH = YES;
				CODE_SIGN_IDENTITY = "iPhone Developer";
				COPY_PHASE_STRIP = NO;
				DEBUG_INFORMATION_FORMAT = dwarf;
				ENABLE_STRICT_OBJC_MSGSEND = YES;
				ENABLE_TESTABILITY = YES;
				GCC_C_LANGUAGE_STANDARD = gnu11;
				GCC_DYNAMIC_NO_PIC = NO;
				GCC_NO_COMMON_BLOCKS = YES;
				GCC_OPTIMIZATION_LEVEL = 0;
				GCC_PREPROCESSOR_DEFINITIONS = (
					"DEBUG=1",
					"$(inherited)",
				);
				GCC_WARN_64_TO_32_BIT_CONVERSION = YES;
				GCC_WARN_ABOUT_RETURN_TYPE = YES_ERROR;
				GCC_WARN_UNDECLARED_SELECTOR = YES;
				GCC_WARN_UNINITIALIZED_AUTOS = YES_AGGRESSIVE;
				GCC_WARN_UNUSED_FUNCTION = YES;
				GCC_WARN_UNUSED_VARIABLE = YES;
				IPHONEOS_DEPLOYMENT_TARGET = 11.0;
				MTL_ENABLE_DEBUG_INFO = YES;
				ONLY_ACTIVE_ARCH = YES;
				SDKROOT = iphoneos;
				SWIFT_ACTIVE_COMPILATION_CONDITIONS = DEBUG;
				SWIFT_OPTIMIZATION_LEVEL = "-Onone";
			};
			name = Debug;
		};
		76FC8A751F59A0130062E8EF /* Release */ = {
			isa = XCBuildConfiguration;
			buildSettings = {
				ALWAYS_SEARCH_USER_PATHS = NO;
				CLANG_ANALYZER_LOCALIZABILITY_NONLOCALIZED = YES;
				CLANG_ANALYZER_NONNULL = YES;
				CLANG_ANALYZER_NUMBER_OBJECT_CONVERSION = YES_AGGRESSIVE;
				CLANG_CXX_LANGUAGE_STANDARD = "gnu++14";
				CLANG_CXX_LIBRARY = "libc++";
				CLANG_ENABLE_MODULES = YES;
				CLANG_ENABLE_OBJC_ARC = YES;
				CLANG_WARN_BLOCK_CAPTURE_AUTORELEASING = YES;
				CLANG_WARN_BOOL_CONVERSION = YES;
				CLANG_WARN_COMMA = YES;
				CLANG_WARN_CONSTANT_CONVERSION = YES;
				CLANG_WARN_DEPRECATED_OBJC_IMPLEMENTATIONS = YES;
				CLANG_WARN_DIRECT_OBJC_ISA_USAGE = YES_ERROR;
				CLANG_WARN_DOCUMENTATION_COMMENTS = YES;
				CLANG_WARN_EMPTY_BODY = YES;
				CLANG_WARN_ENUM_CONVERSION = YES;
				CLANG_WARN_INFINITE_RECURSION = YES;
				CLANG_WARN_INT_CONVERSION = YES;
				CLANG_WARN_NON_LITERAL_NULL_CONVERSION = YES;
				CLANG_WARN_OBJC_IMPLICIT_RETAIN_SELF = YES;
				CLANG_WARN_OBJC_LITERAL_CONVERSION = YES;
				CLANG_WARN_OBJC_ROOT_CLASS = YES_ERROR;
				CLANG_WARN_RANGE_LOOP_ANALYSIS = YES;
				CLANG_WARN_STRICT_PROTOTYPES = YES;
				CLANG_WARN_SUSPICIOUS_MOVE = YES;
				CLANG_WARN_UNGUARDED_AVAILABILITY = YES_AGGRESSIVE;
				CLANG_WARN_UNREACHABLE_CODE = YES;
				CLANG_WARN__DUPLICATE_METHOD_MATCH = YES;
				CODE_SIGN_IDENTITY = "iPhone Developer";
				COPY_PHASE_STRIP = NO;
				DEBUG_INFORMATION_FORMAT = "dwarf-with-dsym";
				ENABLE_NS_ASSERTIONS = NO;
				ENABLE_STRICT_OBJC_MSGSEND = YES;
				GCC_C_LANGUAGE_STANDARD = gnu11;
				GCC_NO_COMMON_BLOCKS = YES;
				GCC_WARN_64_TO_32_BIT_CONVERSION = YES;
				GCC_WARN_ABOUT_RETURN_TYPE = YES_ERROR;
				GCC_WARN_UNDECLARED_SELECTOR = YES;
				GCC_WARN_UNINITIALIZED_AUTOS = YES_AGGRESSIVE;
				GCC_WARN_UNUSED_FUNCTION = YES;
				GCC_WARN_UNUSED_VARIABLE = YES;
				IPHONEOS_DEPLOYMENT_TARGET = 11.0;
				MTL_ENABLE_DEBUG_INFO = NO;
				SDKROOT = iphoneos;
				SWIFT_OPTIMIZATION_LEVEL = "-Owholemodule";
				VALIDATE_PRODUCT = YES;
			};
			name = Release;
		};
		76FC8A771F59A0130062E8EF /* Debug */ = {
			isa = XCBuildConfiguration;
			baseConfigurationReference = 88717335D3DD24BDC0E9C135 /* Pods-GpxExport.debug.xcconfig */;
			buildSettings = {
				ASSETCATALOG_COMPILER_APPICON_NAME = AppIcon;
				CODE_SIGN_ENTITLEMENTS = GpxExport/GpxExport.entitlements;
				CODE_SIGN_STYLE = Automatic;
				DEVELOPMENT_TEAM = 6X47Q5RERE;
				INFOPLIST_FILE = GpxExport/Info.plist;
				LD_RUNPATH_SEARCH_PATHS = "$(inherited) @executable_path/Frameworks";
				PRODUCT_BUNDLE_IDENTIFIER = at.helmsdeep.WorkoutGpxExport;
				PRODUCT_NAME = "$(TARGET_NAME)";
				SWIFT_VERSION = 5.0;
				TARGETED_DEVICE_FAMILY = 1;
			};
			name = Debug;
		};
		76FC8A781F59A0130062E8EF /* Release */ = {
			isa = XCBuildConfiguration;
			baseConfigurationReference = 3BAE4A9F42EA3573B587BA47 /* Pods-GpxExport.release.xcconfig */;
			buildSettings = {
				ASSETCATALOG_COMPILER_APPICON_NAME = AppIcon;
				CODE_SIGN_ENTITLEMENTS = GpxExport/GpxExport.entitlements;
				CODE_SIGN_STYLE = Automatic;
				DEVELOPMENT_TEAM = 6X47Q5RERE;
				INFOPLIST_FILE = GpxExport/Info.plist;
				LD_RUNPATH_SEARCH_PATHS = "$(inherited) @executable_path/Frameworks";
				PRODUCT_BUNDLE_IDENTIFIER = at.helmsdeep.WorkoutGpxExport;
				PRODUCT_NAME = "$(TARGET_NAME)";
				SWIFT_VERSION = 5.0;
				TARGETED_DEVICE_FAMILY = 1;
			};
			name = Release;
		};
/* End XCBuildConfiguration section */

/* Begin XCConfigurationList section */
		76FC8A5F1F59A0130062E8EF /* Build configuration list for PBXProject "GpxExport" */ = {
			isa = XCConfigurationList;
			buildConfigurations = (
				76FC8A741F59A0130062E8EF /* Debug */,
				76FC8A751F59A0130062E8EF /* Release */,
			);
			defaultConfigurationIsVisible = 0;
			defaultConfigurationName = Release;
		};
		76FC8A761F59A0130062E8EF /* Build configuration list for PBXNativeTarget "GpxExport" */ = {
			isa = XCConfigurationList;
			buildConfigurations = (
				76FC8A771F59A0130062E8EF /* Debug */,
				76FC8A781F59A0130062E8EF /* Release */,
			);
			defaultConfigurationIsVisible = 0;
			defaultConfigurationName = Release;
		};
/* End XCConfigurationList section */
	};
	rootObject = 76FC8A5C1F59A0130062E8EF /* Project object */;
}
